
Microsoft Visual Studio Solution File, Format Version 12.00
# Visual Studio 2017
Project("{FAE04EC0-301F-11D3-BF4B-00C04F79EFBC}") = "DraftableClient", "DraftableClient.csproj", "{1405FFBE-8ECA-B1B4-9640-AACF95CA78BE}"
EndProject
Global
	GlobalSection(SolutionConfigurationPlatforms) = preSolution
		Debug|Any CPU = Debug|Any CPU
		Release|Any CPU = Release|Any CPU
	EndGlobalSection
	GlobalSection(ProjectConfigurationPlatforms) = postSolution
		{1405FFBE-8ECA-B1B4-9640-AACF95CA78BE}.Debug|Any CPU.ActiveCfg = Debug|Any CPU
		{1405FFBE-8ECA-B1B4-9640-AACF95CA78BE}.Debug|Any CPU.Build.0 = Debug|Any CPU
		{1405FFBE-8ECA-B1B4-9640-AACF95CA78BE}.Release|Any CPU.ActiveCfg = Release|Any CPU
		{1405FFBE-8ECA-B1B4-9640-AACF95CA78BE}.Release|Any CPU.Build.0 = Release|Any CPU
	EndGlobalSection
	GlobalSection(SolutionProperties) = preSolution
		HideSolutionNode = FALSE
	EndGlobalSection
EndGlobal
